
Microsoft Visual Studio Solution File, Format Version 12.00
# Visual Studio Version 16
VisualStudioVersion = 16.0.33801.447
MinimumVisualStudioVersion = 10.0.40219.1
Project("{FAE04EC0-301F-11D3-BF4B-00C04F79EFBC}") = "Practice", "Practice\Practice.csproj", "{55058B76-F4E1-40A8-882B-B6870B351EC3}"
EndProject
Global
	GlobalSection(SolutionConfigurationPlatforms) = preSolution
		Debug|Any CPU = Debug|Any CPU
		Release|Any CPU = Release|Any CPU
	EndGlobalSection
	GlobalSection(ProjectConfigurationPlatforms) = postSolution
		{55058B76-F4E1-40A8-882B-B6870B351EC3}.Debug|Any CPU.ActiveCfg = Debug|Any CPU
		{55058B76-F4E1-40A8-882B-B6870B351EC3}.Debug|Any CPU.Build.0 = Debug|Any CPU
		{55058B76-F4E1-40A8-882B-B6870B351EC3}.Release|Any CPU.ActiveCfg = Release|Any CPU
		{55058B76-F4E1-40A8-882B-B6870B351EC3}.Release|Any CPU.Build.0 = Release|Any CPU
	EndGlobalSection
	GlobalSection(SolutionProperties) = preSolution
		HideSolutionNode = FALSE
	EndGlobalSection
	GlobalSection(ExtensibilityGlobals) = postSolution
		SolutionGuid = {3BD25AA8-F7CC-4E2F-B237-736F2EFD01F8}
	EndGlobalSection
EndGlobal
