
Microsoft Visual Studio Solution File, Format Version 12.00
# Visual Studio Version 16
VisualStudioVersion = 16.0.33529.622
MinimumVisualStudioVersion = 10.0.40219.1
Project("{FAE04EC0-301F-11D3-BF4B-00C04F79EFBC}") = "Date-TimeSubmission", "Date-TimeSubmission\Date-TimeSubmission.csproj", "{C59BDC79-1A46-4569-A46D-27F4835B8DB1}"
EndProject
Global
	GlobalSection(SolutionConfigurationPlatforms) = preSolution
		Debug|Any CPU = Debug|Any CPU
		Release|Any CPU = Release|Any CPU
	EndGlobalSection
	GlobalSection(ProjectConfigurationPlatforms) = postSolution
		{C59BDC79-1A46-4569-A46D-27F4835B8DB1}.Debug|Any CPU.ActiveCfg = Debug|Any CPU
		{C59BDC79-1A46-4569-A46D-27F4835B8DB1}.Debug|Any CPU.Build.0 = Debug|Any CPU
		{C59BDC79-1A46-4569-A46D-27F4835B8DB1}.Release|Any CPU.ActiveCfg = Release|Any CPU
		{C59BDC79-1A46-4569-A46D-27F4835B8DB1}.Release|Any CPU.Build.0 = Release|Any CPU
	EndGlobalSection
	GlobalSection(SolutionProperties) = preSolution
		HideSolutionNode = FALSE
	EndGlobalSection
	GlobalSection(ExtensibilityGlobals) = postSolution
		SolutionGuid = {89E38876-351E-4012-A41D-602ADE545AD1}
	EndGlobalSection
EndGlobal
