
Microsoft Visual Studio Solution File, Format Version 12.00
# Visual Studio Version 16
VisualStudioVersion = 16.0.33529.622
MinimumVisualStudioVersion = 10.0.40219.1
Project("{FAE04EC0-301F-11D3-BF4B-00C04F79EFBC}") = "TwentyOne", "TwentyOne\TwentyOne.csproj", "{8498E5A5-11C6-4681-AC4C-27A46BC2D3D2}"
EndProject
Project("{FAE04EC0-301F-11D3-BF4B-00C04F79EFBC}") = "Casino", "Casino\Casino.csproj", "{70437EDB-A2F3-465E-9D32-6FD2C1425548}"
EndProject
Global
	GlobalSection(SolutionConfigurationPlatforms) = preSolution
		Debug|Any CPU = Debug|Any CPU
		Release|Any CPU = Release|Any CPU
	EndGlobalSection
	GlobalSection(ProjectConfigurationPlatforms) = postSolution
		{8498E5A5-11C6-4681-AC4C-27A46BC2D3D2}.Debug|Any CPU.ActiveCfg = Debug|Any CPU
		{8498E5A5-11C6-4681-AC4C-27A46BC2D3D2}.Debug|Any CPU.Build.0 = Debug|Any CPU
		{8498E5A5-11C6-4681-AC4C-27A46BC2D3D2}.Release|Any CPU.ActiveCfg = Release|Any CPU
		{8498E5A5-11C6-4681-AC4C-27A46BC2D3D2}.Release|Any CPU.Build.0 = Release|Any CPU
		{70437EDB-A2F3-465E-9D32-6FD2C1425548}.Debug|Any CPU.ActiveCfg = Debug|Any CPU
		{70437EDB-A2F3-465E-9D32-6FD2C1425548}.Debug|Any CPU.Build.0 = Debug|Any CPU
		{70437EDB-A2F3-465E-9D32-6FD2C1425548}.Release|Any CPU.ActiveCfg = Release|Any CPU
		{70437EDB-A2F3-465E-9D32-6FD2C1425548}.Release|Any CPU.Build.0 = Release|Any CPU
	EndGlobalSection
	GlobalSection(SolutionProperties) = preSolution
		HideSolutionNode = FALSE
	EndGlobalSection
	GlobalSection(ExtensibilityGlobals) = postSolution
		SolutionGuid = {9C5C9F66-75C5-4233-A65E-A3E7EBB12D73}
	EndGlobalSection
EndGlobal
