
Microsoft Visual Studio Solution File, Format Version 12.00
# Visual Studio Version 16
VisualStudioVersion = 16.0.33529.622
MinimumVisualStudioVersion = 10.0.40219.1
Project("{FAE04EC0-301F-11D3-BF4B-00C04F79EFBC}") = "Try-Catch-Assignment", "Try-Catch-Assignment\Try-Catch-Assignment.csproj", "{7116DC78-EE19-4AF3-BE0F-8B0587B6C925}"
EndProject
Global
	GlobalSection(SolutionConfigurationPlatforms) = preSolution
		Debug|Any CPU = Debug|Any CPU
		Release|Any CPU = Release|Any CPU
	EndGlobalSection
	GlobalSection(ProjectConfigurationPlatforms) = postSolution
		{7116DC78-EE19-4AF3-BE0F-8B0587B6C925}.Debug|Any CPU.ActiveCfg = Debug|Any CPU
		{7116DC78-EE19-4AF3-BE0F-8B0587B6C925}.Debug|Any CPU.Build.0 = Debug|Any CPU
		{7116DC78-EE19-4AF3-BE0F-8B0587B6C925}.Release|Any CPU.ActiveCfg = Release|Any CPU
		{7116DC78-EE19-4AF3-BE0F-8B0587B6C925}.Release|Any CPU.Build.0 = Release|Any CPU
	EndGlobalSection
	GlobalSection(SolutionProperties) = preSolution
		HideSolutionNode = FALSE
	EndGlobalSection
	GlobalSection(ExtensibilityGlobals) = postSolution
		SolutionGuid = {680DEEA2-9140-4B31-86D6-8D6044F12C3B}
	EndGlobalSection
EndGlobal
