
Microsoft Visual Studio Solution File, Format Version 12.00
# Visual Studio Version 16
VisualStudioVersion = 16.0.33529.622
MinimumVisualStudioVersion = 10.0.40219.1
Project("{FAE04EC0-301F-11D3-BF4B-00C04F79EFBC}") = "BooleanLogic", "BooleanLogic\BooleanLogic.csproj", "{AE13934F-D222-4415-8AAA-A9520DBFA29B}"
EndProject
Global
	GlobalSection(SolutionConfigurationPlatforms) = preSolution
		Debug|Any CPU = Debug|Any CPU
		Release|Any CPU = Release|Any CPU
	EndGlobalSection
	GlobalSection(ProjectConfigurationPlatforms) = postSolution
		{AE13934F-D222-4415-8AAA-A9520DBFA29B}.Debug|Any CPU.ActiveCfg = Debug|Any CPU
		{AE13934F-D222-4415-8AAA-A9520DBFA29B}.Debug|Any CPU.Build.0 = Debug|Any CPU
		{AE13934F-D222-4415-8AAA-A9520DBFA29B}.Release|Any CPU.ActiveCfg = Release|Any CPU
		{AE13934F-D222-4415-8AAA-A9520DBFA29B}.Release|Any CPU.Build.0 = Release|Any CPU
	EndGlobalSection
	GlobalSection(SolutionProperties) = preSolution
		HideSolutionNode = FALSE
	EndGlobalSection
	GlobalSection(ExtensibilityGlobals) = postSolution
		SolutionGuid = {AD98735A-4610-4CBD-9F68-DC2102A5D785}
	EndGlobalSection
EndGlobal
