
Microsoft Visual Studio Solution File, Format Version 12.00
# Visual Studio Version 16
VisualStudioVersion = 16.0.33529.622
MinimumVisualStudioVersion = 10.0.40219.1
Project("{FAE04EC0-301F-11D3-BF4B-00C04F79EFBC}") = "MethodClassSubmission", "MethodClassSubmission\MethodClassSubmission.csproj", "{1FC12B40-AF2D-4EA5-BB12-5663E17A1592}"
EndProject
Global
	GlobalSection(SolutionConfigurationPlatforms) = preSolution
		Debug|Any CPU = Debug|Any CPU
		Release|Any CPU = Release|Any CPU
	EndGlobalSection
	GlobalSection(ProjectConfigurationPlatforms) = postSolution
		{1FC12B40-AF2D-4EA5-BB12-5663E17A1592}.Debug|Any CPU.ActiveCfg = Debug|Any CPU
		{1FC12B40-AF2D-4EA5-BB12-5663E17A1592}.Debug|Any CPU.Build.0 = Debug|Any CPU
		{1FC12B40-AF2D-4EA5-BB12-5663E17A1592}.Release|Any CPU.ActiveCfg = Release|Any CPU
		{1FC12B40-AF2D-4EA5-BB12-5663E17A1592}.Release|Any CPU.Build.0 = Release|Any CPU
	EndGlobalSection
	GlobalSection(SolutionProperties) = preSolution
		HideSolutionNode = FALSE
	EndGlobalSection
	GlobalSection(ExtensibilityGlobals) = postSolution
		SolutionGuid = {70CB4564-ACC8-41BB-AA6C-0E5946F82559}
	EndGlobalSection
EndGlobal
