
Microsoft Visual Studio Solution File, Format Version 12.00
# Visual Studio Version 16
VisualStudioVersion = 16.0.33529.622
MinimumVisualStudioVersion = 10.0.40219.1
Project("{FAE04EC0-301F-11D3-BF4B-00C04F79EFBC}") = "ClassSubmissionVoidAssignment", "ClassSubmissionVoidAssignment\ClassSubmissionVoidAssignment.csproj", "{4CA8848E-C9E2-4577-8651-3FA3051C95FB}"
EndProject
Global
	GlobalSection(SolutionConfigurationPlatforms) = preSolution
		Debug|Any CPU = Debug|Any CPU
		Release|Any CPU = Release|Any CPU
	EndGlobalSection
	GlobalSection(ProjectConfigurationPlatforms) = postSolution
		{4CA8848E-C9E2-4577-8651-3FA3051C95FB}.Debug|Any CPU.ActiveCfg = Debug|Any CPU
		{4CA8848E-C9E2-4577-8651-3FA3051C95FB}.Debug|Any CPU.Build.0 = Debug|Any CPU
		{4CA8848E-C9E2-4577-8651-3FA3051C95FB}.Release|Any CPU.ActiveCfg = Release|Any CPU
		{4CA8848E-C9E2-4577-8651-3FA3051C95FB}.Release|Any CPU.Build.0 = Release|Any CPU
	EndGlobalSection
	GlobalSection(SolutionProperties) = preSolution
		HideSolutionNode = FALSE
	EndGlobalSection
	GlobalSection(ExtensibilityGlobals) = postSolution
		SolutionGuid = {8AA9ECD9-2603-4D6B-9ECA-9E7AABD7A2FF}
	EndGlobalSection
EndGlobal
